// !$*UTF8*$!
{
	archiveVersion = 1;
	classes = {
	};
	objectVersion = 56;
	objects = {

/* Begin PBXBuildFile section */
		A60CD47F2C07808900CC8BC1 /* BasketballBoardApp.swift in Sources */ = {isa = PBXBuildFile; fileRef = A60CD47E2C07808900CC8BC1 /* BasketballBoardApp.swift */; };
		A60CD4832C07808C00CC8BC1 /* Assets.xcassets in Resources */ = {isa = PBXBuildFile; fileRef = A60CD4822C07808C00CC8BC1 /* Assets.xcassets */; };
		A60CD4872C07808C00CC8BC1 /* Preview Assets.xcassets in Resources */ = {isa = PBXBuildFile; fileRef = A60CD4862C07808C00CC8BC1 /* Preview Assets.xcassets */; };
		A60CD4952C07871700CC8BC1 /* BoardInstaller.swift in Sources */ = {isa = PBXBuildFile; fileRef = A60CD4942C07871700CC8BC1 /* BoardInstaller.swift */; };
		A60CD4972C07877A00CC8BC1 /* PlayerView.swift in Sources */ = {isa = PBXBuildFile; fileRef = A60CD4962C07877A00CC8BC1 /* PlayerView.swift */; };
		A60CD4992C0787C500CC8BC1 /* BoardScreenPointer.swift in Sources */ = {isa = PBXBuildFile; fileRef = A60CD4982C0787C500CC8BC1 /* BoardScreenPointer.swift */; };
		A60CD49C2C0788C400CC8BC1 /* UIView+DropShadow.swift in Sources */ = {isa = PBXBuildFile; fileRef = A60CD49B2C0788C400CC8BC1 /* UIView+DropShadow.swift */; };
		A60CD49E2C07893700CC8BC1 /* BoardViewController.swift in Sources */ = {isa = PBXBuildFile; fileRef = A60CD49D2C07893700CC8BC1 /* BoardViewController.swift */; };
		A60CD4A02C07896000CC8BC1 /* BoardViewModel.swift in Sources */ = {isa = PBXBuildFile; fileRef = A60CD49F2C07896000CC8BC1 /* BoardViewModel.swift */; };
		A60CD4A22C0789A000CC8BC1 /* BoardView.swift in Sources */ = {isa = PBXBuildFile; fileRef = A60CD4A12C0789A000CC8BC1 /* BoardView.swift */; };
		A62638452C0DC78800FB6BE2 /* MyTeamView.swift in Sources */ = {isa = PBXBuildFile; fileRef = A62638442C0DC78800FB6BE2 /* MyTeamView.swift */; };
		A62638472C0DC7A800FB6BE2 /* MyTeamEntity.swift in Sources */ = {isa = PBXBuildFile; fileRef = A62638462C0DC7A800FB6BE2 /* MyTeamEntity.swift */; };
		A62638492C0DC7BE00FB6BE2 /* MyTeamViewModel.swift in Sources */ = {isa = PBXBuildFile; fileRef = A62638482C0DC7BE00FB6BE2 /* MyTeamViewModel.swift */; };
		A62638522C0DF31500FB6BE2 /* PlayersListView.swift in Sources */ = {isa = PBXBuildFile; fileRef = A62638512C0DF31500FB6BE2 /* PlayersListView.swift */; };
		A62638542C0EEC3900FB6BE2 /* PlayerItemViewCell.swift in Sources */ = {isa = PBXBuildFile; fileRef = A62638532C0EEC3900FB6BE2 /* PlayerItemViewCell.swift */; };
/* End PBXBuildFile section */

/* Begin PBXFileReference section */
		A60CD47B2C07808900CC8BC1 /* BasketballBoard.app */ = {isa = PBXFileReference; explicitFileType = wrapper.application; includeInIndex = 0; path = BasketballBoard.app; sourceTree = BUILT_PRODUCTS_DIR; };
		A60CD47E2C07808900CC8BC1 /* BasketballBoardApp.swift */ = {isa = PBXFileReference; lastKnownFileType = sourcecode.swift; path = BasketballBoardApp.swift; sourceTree = "<group>"; };
		A60CD4822C07808C00CC8BC1 /* Assets.xcassets */ = {isa = PBXFileReference; lastKnownFileType = folder.assetcatalog; path = Assets.xcassets; sourceTree = "<group>"; };
		A60CD4842C07808C00CC8BC1 /* BasketballBoard.entitlements */ = {isa = PBXFileReference; lastKnownFileType = text.plist.entitlements; path = BasketballBoard.entitlements; sourceTree = "<group>"; };
		A60CD4862C07808C00CC8BC1 /* Preview Assets.xcassets */ = {isa = PBXFileReference; lastKnownFileType = folder.assetcatalog; path = "Preview Assets.xcassets"; sourceTree = "<group>"; };
		A60CD4942C07871700CC8BC1 /* BoardInstaller.swift */ = {isa = PBXFileReference; lastKnownFileType = sourcecode.swift; path = BoardInstaller.swift; sourceTree = "<group>"; };
		A60CD4962C07877A00CC8BC1 /* PlayerView.swift */ = {isa = PBXFileReference; lastKnownFileType = sourcecode.swift; path = PlayerView.swift; sourceTree = "<group>"; };
		A60CD4982C0787C500CC8BC1 /* BoardScreenPointer.swift */ = {isa = PBXFileReference; lastKnownFileType = sourcecode.swift; path = BoardScreenPointer.swift; sourceTree = "<group>"; };
		A60CD49B2C0788C400CC8BC1 /* UIView+DropShadow.swift */ = {isa = PBXFileReference; lastKnownFileType = sourcecode.swift; path = "UIView+DropShadow.swift"; sourceTree = "<group>"; };
		A60CD49D2C07893700CC8BC1 /* BoardViewController.swift */ = {isa = PBXFileReference; lastKnownFileType = sourcecode.swift; path = BoardViewController.swift; sourceTree = "<group>"; };
		A60CD49F2C07896000CC8BC1 /* BoardViewModel.swift */ = {isa = PBXFileReference; lastKnownFileType = sourcecode.swift; path = BoardViewModel.swift; sourceTree = "<group>"; };
		A60CD4A12C0789A000CC8BC1 /* BoardView.swift */ = {isa = PBXFileReference; lastKnownFileType = sourcecode.swift; path = BoardView.swift; sourceTree = "<group>"; };
		A62638442C0DC78800FB6BE2 /* MyTeamView.swift */ = {isa = PBXFileReference; lastKnownFileType = sourcecode.swift; path = MyTeamView.swift; sourceTree = "<group>"; };
		A62638462C0DC7A800FB6BE2 /* MyTeamEntity.swift */ = {isa = PBXFileReference; lastKnownFileType = sourcecode.swift; path = MyTeamEntity.swift; sourceTree = "<group>"; };
		A62638482C0DC7BE00FB6BE2 /* MyTeamViewModel.swift */ = {isa = PBXFileReference; lastKnownFileType = sourcecode.swift; path = MyTeamViewModel.swift; sourceTree = "<group>"; };
		A62638512C0DF31500FB6BE2 /* PlayersListView.swift */ = {isa = PBXFileReference; lastKnownFileType = sourcecode.swift; path = PlayersListView.swift; sourceTree = "<group>"; };
		A62638532C0EEC3900FB6BE2 /* PlayerItemViewCell.swift */ = {isa = PBXFileReference; lastKnownFileType = sourcecode.swift; path = PlayerItemViewCell.swift; sourceTree = "<group>"; };
/* End PBXFileReference section */

/* Begin PBXFrameworksBuildPhase section */
		A60CD4782C07808900CC8BC1 /* Frameworks */ = {
			isa = PBXFrameworksBuildPhase;
			buildActionMask = 2147483647;
			files = (
			);
			runOnlyForDeploymentPostprocessing = 0;
		};
/* End PBXFrameworksBuildPhase section */

/* Begin PBXGroup section */
		A60CD4722C07808900CC8BC1 = {
			isa = PBXGroup;
			children = (
				A60CD47D2C07808900CC8BC1 /* BasketballBoard */,
				A60CD47C2C07808900CC8BC1 /* Products */,
			);
			sourceTree = "<group>";
		};
		A60CD47C2C07808900CC8BC1 /* Products */ = {
			isa = PBXGroup;
			children = (
				A60CD47B2C07808900CC8BC1 /* BasketballBoard.app */,
			);
			name = Products;
			sourceTree = "<group>";
		};
		A60CD47D2C07808900CC8BC1 /* BasketballBoard */ = {
			isa = PBXGroup;
			children = (
				A60CD4922C0785A900CC8BC1 /* SupportingFiles */,
				A60CD48F2C07857500CC8BC1 /* Sources */,
				A60CD4902C07859400CC8BC1 /* Resources */,
				A60CD4852C07808C00CC8BC1 /* Preview Content */,
				A60CD4842C07808C00CC8BC1 /* BasketballBoard.entitlements */,
			);
			path = BasketballBoard;
			sourceTree = "<group>";
		};
		A60CD4852C07808C00CC8BC1 /* Preview Content */ = {
			isa = PBXGroup;
			children = (
				A60CD4862C07808C00CC8BC1 /* Preview Assets.xcassets */,
			);
			path = "Preview Content";
			sourceTree = "<group>";
		};
		A60CD48F2C07857500CC8BC1 /* Sources */ = {
			isa = PBXGroup;
			children = (
				A60CD47E2C07808900CC8BC1 /* BasketballBoardApp.swift */,
				A60CD4932C0786E600CC8BC1 /* BoardFlow */,
				A62638402C0DC6E100FB6BE2 /* MyTeamFlow */,
				A60CD49A2C0788A800CC8BC1 /* Extensions */,
			);
			path = Sources;
			sourceTree = "<group>";
		};
		A60CD4902C07859400CC8BC1 /* Resources */ = {
			isa = PBXGroup;
			children = (
				A60CD4822C07808C00CC8BC1 /* Assets.xcassets */,
			);
			path = Resources;
			sourceTree = "<group>";
		};
		A60CD4922C0785A900CC8BC1 /* SupportingFiles */ = {
			isa = PBXGroup;
			children = (
			);
			path = SupportingFiles;
			sourceTree = "<group>";
		};
		A60CD4932C0786E600CC8BC1 /* BoardFlow */ = {
			isa = PBXGroup;
			children = (
				A67F404E2C09A6990006EAC0 /* Views */,
				A67F40502C09A7070006EAC0 /* Services */,
				A67F40512C09A7130006EAC0 /* ViewModel */,
			);
			path = BoardFlow;
			sourceTree = "<group>";
		};
		A60CD49A2C0788A800CC8BC1 /* Extensions */ = {
			isa = PBXGroup;
			children = (
				A60CD49B2C0788C400CC8BC1 /* UIView+DropShadow.swift */,
			);
			path = Extensions;
			sourceTree = "<group>";
		};
		A62638402C0DC6E100FB6BE2 /* MyTeamFlow */ = {
			isa = PBXGroup;
			children = (
				A62638412C0DC6F600FB6BE2 /* MyTeamScreen */,
				A62638422C0DC72100FB6BE2 /* AddPlayerScreen */,
				A62638432C0DC73400FB6BE2 /* PlayerProfileScreen */,
			);
			path = MyTeamFlow;
			sourceTree = "<group>";
		};
		A62638412C0DC6F600FB6BE2 /* MyTeamScreen */ = {
			isa = PBXGroup;
			children = (
				A626384A2C0DD83400FB6BE2 /* Views */,
				A626384B2C0DD85300FB6BE2 /* Entity */,
				A626384C2C0DD86800FB6BE2 /* ViewModel */,
			);
			path = MyTeamScreen;
			sourceTree = "<group>";
		};
		A62638422C0DC72100FB6BE2 /* AddPlayerScreen */ = {
			isa = PBXGroup;
			children = (
			);
			path = AddPlayerScreen;
			sourceTree = "<group>";
		};
		A62638432C0DC73400FB6BE2 /* PlayerProfileScreen */ = {
			isa = PBXGroup;
			children = (
			);
			path = PlayerProfileScreen;
			sourceTree = "<group>";
		};
		A626384A2C0DD83400FB6BE2 /* Views */ = {
			isa = PBXGroup;
			children = (
				A62638442C0DC78800FB6BE2 /* MyTeamView.swift */,
				A62638512C0DF31500FB6BE2 /* PlayersListView.swift */,
				A62638532C0EEC3900FB6BE2 /* PlayerItemViewCell.swift */,
			);
			path = Views;
			sourceTree = "<group>";
		};
		A626384B2C0DD85300FB6BE2 /* Entity */ = {
			isa = PBXGroup;
			children = (
				A62638462C0DC7A800FB6BE2 /* MyTeamEntity.swift */,
			);
			path = Entity;
			sourceTree = "<group>";
		};
		A626384C2C0DD86800FB6BE2 /* ViewModel */ = {
			isa = PBXGroup;
			children = (
				A62638482C0DC7BE00FB6BE2 /* MyTeamViewModel.swift */,
			);
			path = ViewModel;
			sourceTree = "<group>";
		};
		A67F404E2C09A6990006EAC0 /* Views */ = {
			isa = PBXGroup;
			children = (
				A60CD49D2C07893700CC8BC1 /* BoardViewController.swift */,
				A60CD4A12C0789A000CC8BC1 /* BoardView.swift */,
				A60CD4962C07877A00CC8BC1 /* PlayerView.swift */,
			);
			path = Views;
			sourceTree = "<group>";
		};
		A67F40502C09A7070006EAC0 /* Services */ = {
			isa = PBXGroup;
			children = (
				A60CD4942C07871700CC8BC1 /* BoardInstaller.swift */,
				A60CD4982C0787C500CC8BC1 /* BoardScreenPointer.swift */,
			);
			path = Services;
			sourceTree = "<group>";
		};
		A67F40512C09A7130006EAC0 /* ViewModel */ = {
			isa = PBXGroup;
			children = (
				A60CD49F2C07896000CC8BC1 /* BoardViewModel.swift */,
			);
			path = ViewModel;
			sourceTree = "<group>";
		};
/* End PBXGroup section */

/* Begin PBXNativeTarget section */
		A60CD47A2C07808900CC8BC1 /* BasketballBoard */ = {
			isa = PBXNativeTarget;
			buildConfigurationList = A60CD48A2C07808C00CC8BC1 /* Build configuration list for PBXNativeTarget "BasketballBoard" */;
			buildPhases = (
				A60CD4772C07808900CC8BC1 /* Sources */,
				A60CD4782C07808900CC8BC1 /* Frameworks */,
				A60CD4792C07808900CC8BC1 /* Resources */,
			);
			buildRules = (
			);
			dependencies = (
			);
			name = BasketballBoard;
			productName = BasketballBoard;
			productReference = A60CD47B2C07808900CC8BC1 /* BasketballBoard.app */;
			productType = "com.apple.product-type.application";
		};
/* End PBXNativeTarget section */

/* Begin PBXProject section */
		A60CD4732C07808900CC8BC1 /* Project object */ = {
			isa = PBXProject;
			attributes = {
				BuildIndependentTargetsInParallel = 1;
				LastSwiftUpdateCheck = 1530;
				LastUpgradeCheck = 1530;
				TargetAttributes = {
					A60CD47A2C07808900CC8BC1 = {
						CreatedOnToolsVersion = 15.3;
					};
				};
			};
			buildConfigurationList = A60CD4762C07808900CC8BC1 /* Build configuration list for PBXProject "BasketballBoard" */;
			compatibilityVersion = "Xcode 14.0";
			developmentRegion = en;
			hasScannedForEncodings = 0;
			knownRegions = (
				en,
				Base,
			);
			mainGroup = A60CD4722C07808900CC8BC1;
			productRefGroup = A60CD47C2C07808900CC8BC1 /* Products */;
			projectDirPath = "";
			projectRoot = "";
			targets = (
				A60CD47A2C07808900CC8BC1 /* BasketballBoard */,
			);
		};
/* End PBXProject section */

/* Begin PBXResourcesBuildPhase section */
		A60CD4792C07808900CC8BC1 /* Resources */ = {
			isa = PBXResourcesBuildPhase;
			buildActionMask = 2147483647;
			files = (
				A60CD4872C07808C00CC8BC1 /* Preview Assets.xcassets in Resources */,
				A60CD4832C07808C00CC8BC1 /* Assets.xcassets in Resources */,
			);
			runOnlyForDeploymentPostprocessing = 0;
		};
/* End PBXResourcesBuildPhase section */

/* Begin PBXSourcesBuildPhase section */
		A60CD4772C07808900CC8BC1 /* Sources */ = {
			isa = PBXSourcesBuildPhase;
			buildActionMask = 2147483647;
			files = (
				A62638492C0DC7BE00FB6BE2 /* MyTeamViewModel.swift in Sources */,
				A60CD49E2C07893700CC8BC1 /* BoardViewController.swift in Sources */,
				A62638472C0DC7A800FB6BE2 /* MyTeamEntity.swift in Sources */,
				A60CD47F2C07808900CC8BC1 /* BasketballBoardApp.swift in Sources */,
				A62638522C0DF31500FB6BE2 /* PlayersListView.swift in Sources */,
				A60CD4A02C07896000CC8BC1 /* BoardViewModel.swift in Sources */,
				A60CD4952C07871700CC8BC1 /* BoardInstaller.swift in Sources */,
				A60CD49C2C0788C400CC8BC1 /* UIView+DropShadow.swift in Sources */,
				A62638542C0EEC3900FB6BE2 /* PlayerItemViewCell.swift in Sources */,
				A62638452C0DC78800FB6BE2 /* MyTeamView.swift in Sources */,
				A60CD4A22C0789A000CC8BC1 /* BoardView.swift in Sources */,
				A60CD4972C07877A00CC8BC1 /* PlayerView.swift in Sources */,
				A60CD4992C0787C500CC8BC1 /* BoardScreenPointer.swift in Sources */,
			);
			runOnlyForDeploymentPostprocessing = 0;
		};
/* End PBXSourcesBuildPhase section */

/* Begin XCBuildConfiguration section */
		A60CD4882C07808C00CC8BC1 /* Debug */ = {
			isa = XCBuildConfiguration;
			buildSettings = {
				ALWAYS_SEARCH_USER_PATHS = NO;
				ASSETCATALOG_COMPILER_GENERATE_SWIFT_ASSET_SYMBOL_EXTENSIONS = YES;
				CLANG_ANALYZER_NONNULL = YES;
				CLANG_ANALYZER_NUMBER_OBJECT_CONVERSION = YES_AGGRESSIVE;
				CLANG_CXX_LANGUAGE_STANDARD = "gnu++20";
				CLANG_ENABLE_MODULES = YES;
				CLANG_ENABLE_OBJC_ARC = YES;
				CLANG_ENABLE_OBJC_WEAK = YES;
				CLANG_WARN_BLOCK_CAPTURE_AUTORELEASING = YES;
				CLANG_WARN_BOOL_CONVERSION = YES;
				CLANG_WARN_COMMA = YES;
				CLANG_WARN_CONSTANT_CONVERSION = YES;
				CLANG_WARN_DEPRECATED_OBJC_IMPLEMENTATIONS = YES;
				CLANG_WARN_DIRECT_OBJC_ISA_USAGE = YES_ERROR;
				CLANG_WARN_DOCUMENTATION_COMMENTS = YES;
				CLANG_WARN_EMPTY_BODY = YES;
				CLANG_WARN_ENUM_CONVERSION = YES;
				CLANG_WARN_INFINITE_RECURSION = YES;
				CLANG_WARN_INT_CONVERSION = YES;
				CLANG_WARN_NON_LITERAL_NULL_CONVERSION = YES;
				CLANG_WARN_OBJC_IMPLICIT_RETAIN_SELF = YES;
				CLANG_WARN_OBJC_LITERAL_CONVERSION = YES;
				CLANG_WARN_OBJC_ROOT_CLASS = YES_ERROR;
				CLANG_WARN_QUOTED_INCLUDE_IN_FRAMEWORK_HEADER = YES;
				CLANG_WARN_RANGE_LOOP_ANALYSIS = YES;
				CLANG_WARN_STRICT_PROTOTYPES = YES;
				CLANG_WARN_SUSPICIOUS_MOVE = YES;
				CLANG_WARN_UNGUARDED_AVAILABILITY = YES_AGGRESSIVE;
				CLANG_WARN_UNREACHABLE_CODE = YES;
				CLANG_WARN__DUPLICATE_METHOD_MATCH = YES;
				COPY_PHASE_STRIP = NO;
				DEBUG_INFORMATION_FORMAT = dwarf;
				ENABLE_STRICT_OBJC_MSGSEND = YES;
				ENABLE_TESTABILITY = YES;
				ENABLE_USER_SCRIPT_SANDBOXING = YES;
				GCC_C_LANGUAGE_STANDARD = gnu17;
				GCC_DYNAMIC_NO_PIC = NO;
				GCC_NO_COMMON_BLOCKS = YES;
				GCC_OPTIMIZATION_LEVEL = 0;
				GCC_PREPROCESSOR_DEFINITIONS = (
					"DEBUG=1",
					"$(inherited)",
				);
				GCC_WARN_64_TO_32_BIT_CONVERSION = YES;
				GCC_WARN_ABOUT_RETURN_TYPE = YES_ERROR;
				GCC_WARN_UNDECLARED_SELECTOR = YES;
				GCC_WARN_UNINITIALIZED_AUTOS = YES_AGGRESSIVE;
				GCC_WARN_UNUSED_FUNCTION = YES;
				GCC_WARN_UNUSED_VARIABLE = YES;
				LOCALIZATION_PREFERS_STRING_CATALOGS = YES;
				MTL_ENABLE_DEBUG_INFO = INCLUDE_SOURCE;
				MTL_FAST_MATH = YES;
				ONLY_ACTIVE_ARCH = YES;
				SWIFT_ACTIVE_COMPILATION_CONDITIONS = "DEBUG $(inherited)";
				SWIFT_OPTIMIZATION_LEVEL = "-Onone";
			};
			name = Debug;
		};
		A60CD4892C07808C00CC8BC1 /* Release */ = {
			isa = XCBuildConfiguration;
			buildSettings = {
				ALWAYS_SEARCH_USER_PATHS = NO;
				ASSETCATALOG_COMPILER_GENERATE_SWIFT_ASSET_SYMBOL_EXTENSIONS = YES;
				CLANG_ANALYZER_NONNULL = YES;
				CLANG_ANALYZER_NUMBER_OBJECT_CONVERSION = YES_AGGRESSIVE;
				CLANG_CXX_LANGUAGE_STANDARD = "gnu++20";
				CLANG_ENABLE_MODULES = YES;
				CLANG_ENABLE_OBJC_ARC = YES;
				CLANG_ENABLE_OBJC_WEAK = YES;
				CLANG_WARN_BLOCK_CAPTURE_AUTORELEASING = YES;
				CLANG_WARN_BOOL_CONVERSION = YES;
				CLANG_WARN_COMMA = YES;
				CLANG_WARN_CONSTANT_CONVERSION = YES;
				CLANG_WARN_DEPRECATED_OBJC_IMPLEMENTATIONS = YES;
				CLANG_WARN_DIRECT_OBJC_ISA_USAGE = YES_ERROR;
				CLANG_WARN_DOCUMENTATION_COMMENTS = YES;
				CLANG_WARN_EMPTY_BODY = YES;
				CLANG_WARN_ENUM_CONVERSION = YES;
				CLANG_WARN_INFINITE_RECURSION = YES;
				CLANG_WARN_INT_CONVERSION = YES;
				CLANG_WARN_NON_LITERAL_NULL_CONVERSION = YES;
				CLANG_WARN_OBJC_IMPLICIT_RETAIN_SELF = YES;
				CLANG_WARN_OBJC_LITERAL_CONVERSION = YES;
				CLANG_WARN_OBJC_ROOT_CLASS = YES_ERROR;
				CLANG_WARN_QUOTED_INCLUDE_IN_FRAMEWORK_HEADER = YES;
				CLANG_WARN_RANGE_LOOP_ANALYSIS = YES;
				CLANG_WARN_STRICT_PROTOTYPES = YES;
				CLANG_WARN_SUSPICIOUS_MOVE = YES;
				CLANG_WARN_UNGUARDED_AVAILABILITY = YES_AGGRESSIVE;
				CLANG_WARN_UNREACHABLE_CODE = YES;
				CLANG_WARN__DUPLICATE_METHOD_MATCH = YES;
				COPY_PHASE_STRIP = NO;
				DEBUG_INFORMATION_FORMAT = "dwarf-with-dsym";
				ENABLE_NS_ASSERTIONS = NO;
				ENABLE_STRICT_OBJC_MSGSEND = YES;
				ENABLE_USER_SCRIPT_SANDBOXING = YES;
				GCC_C_LANGUAGE_STANDARD = gnu17;
				GCC_NO_COMMON_BLOCKS = YES;
				GCC_WARN_64_TO_32_BIT_CONVERSION = YES;
				GCC_WARN_ABOUT_RETURN_TYPE = YES_ERROR;
				GCC_WARN_UNDECLARED_SELECTOR = YES;
				GCC_WARN_UNINITIALIZED_AUTOS = YES_AGGRESSIVE;
				GCC_WARN_UNUSED_FUNCTION = YES;
				GCC_WARN_UNUSED_VARIABLE = YES;
				LOCALIZATION_PREFERS_STRING_CATALOGS = YES;
				MTL_ENABLE_DEBUG_INFO = NO;
				MTL_FAST_MATH = YES;
				SWIFT_COMPILATION_MODE = wholemodule;
			};
			name = Release;
		};
		A60CD48B2C07808C00CC8BC1 /* Debug */ = {
			isa = XCBuildConfiguration;
			buildSettings = {
				ASSETCATALOG_COMPILER_APPICON_NAME = AppIcon;
				ASSETCATALOG_COMPILER_GLOBAL_ACCENT_COLOR_NAME = AccentColor;
				CODE_SIGN_ENTITLEMENTS = BasketballBoard/BasketballBoard.entitlements;
				CODE_SIGN_STYLE = Automatic;
				CURRENT_PROJECT_VERSION = 1;
				DEVELOPMENT_ASSET_PATHS = "\"BasketballBoard/Preview Content\"";
				DEVELOPMENT_TEAM = LM9H2W5L8R;
				ENABLE_HARDENED_RUNTIME = YES;
				ENABLE_PREVIEWS = YES;
				GENERATE_INFOPLIST_FILE = YES;
				"INFOPLIST_KEY_UIApplicationSceneManifest_Generation[sdk=iphoneos*]" = YES;
				"INFOPLIST_KEY_UIApplicationSceneManifest_Generation[sdk=iphonesimulator*]" = YES;
				"INFOPLIST_KEY_UIApplicationSupportsIndirectInputEvents[sdk=iphoneos*]" = YES;
				"INFOPLIST_KEY_UIApplicationSupportsIndirectInputEvents[sdk=iphonesimulator*]" = YES;
				"INFOPLIST_KEY_UILaunchScreen_Generation[sdk=iphoneos*]" = YES;
				"INFOPLIST_KEY_UILaunchScreen_Generation[sdk=iphonesimulator*]" = YES;
				"INFOPLIST_KEY_UIStatusBarStyle[sdk=iphoneos*]" = UIStatusBarStyleDefault;
				"INFOPLIST_KEY_UIStatusBarStyle[sdk=iphonesimulator*]" = UIStatusBarStyleDefault;
				INFOPLIST_KEY_UISupportedInterfaceOrientations = UIInterfaceOrientationPortrait;
				IPHONEOS_DEPLOYMENT_TARGET = 17.0;
				LD_RUNPATH_SEARCH_PATHS = "@executable_path/Frameworks";
				"LD_RUNPATH_SEARCH_PATHS[sdk=macosx*]" = "@executable_path/../Frameworks";
				MACOSX_DEPLOYMENT_TARGET = 14.2;
				MARKETING_VERSION = 1.0;
				PRODUCT_BUNDLE_IDENTIFIER = "-77.BasketballBoard";
				PRODUCT_NAME = "$(TARGET_NAME)";
				SDKROOT = auto;
				SUPPORTED_PLATFORMS = "iphoneos iphonesimulator macosx";
				SWIFT_EMIT_LOC_STRINGS = YES;
				SWIFT_VERSION = 5.0;
				TARGETED_DEVICE_FAMILY = "1,2";
			};
			name = Debug;
		};
		A60CD48C2C07808C00CC8BC1 /* Release */ = {
			isa = XCBuildConfiguration;
			buildSettings = {
				ASSETCATALOG_COMPILER_APPICON_NAME = AppIcon;
				ASSETCATALOG_COMPILER_GLOBAL_ACCENT_COLOR_NAME = AccentColor;
				CODE_SIGN_ENTITLEMENTS = BasketballBoard/BasketballBoard.entitlements;
				CODE_SIGN_STYLE = Automatic;
				CURRENT_PROJECT_VERSION = 1;
				DEVELOPMENT_ASSET_PATHS = "\"BasketballBoard/Preview Content\"";
				DEVELOPMENT_TEAM = LM9H2W5L8R;
				ENABLE_HARDENED_RUNTIME = YES;
				ENABLE_PREVIEWS = YES;
				GENERATE_INFOPLIST_FILE = YES;
				"INFOPLIST_KEY_UIApplicationSceneManifest_Generation[sdk=iphoneos*]" = YES;
				"INFOPLIST_KEY_UIApplicationSceneManifest_Generation[sdk=iphonesimulator*]" = YES;
				"INFOPLIST_KEY_UIApplicationSupportsIndirectInputEvents[sdk=iphoneos*]" = YES;
				"INFOPLIST_KEY_UIApplicationSupportsIndirectInputEvents[sdk=iphonesimulator*]" = YES;
				"INFOPLIST_KEY_UILaunchScreen_Generation[sdk=iphoneos*]" = YES;
				"INFOPLIST_KEY_UILaunchScreen_Generation[sdk=iphonesimulator*]" = YES;
				"INFOPLIST_KEY_UIStatusBarStyle[sdk=iphoneos*]" = UIStatusBarStyleDefault;
				"INFOPLIST_KEY_UIStatusBarStyle[sdk=iphonesimulator*]" = UIStatusBarStyleDefault;
				INFOPLIST_KEY_UISupportedInterfaceOrientations = UIInterfaceOrientationPortrait;
				IPHONEOS_DEPLOYMENT_TARGET = 17.0;
				LD_RUNPATH_SEARCH_PATHS = "@executable_path/Frameworks";
				"LD_RUNPATH_SEARCH_PATHS[sdk=macosx*]" = "@executable_path/../Frameworks";
				MACOSX_DEPLOYMENT_TARGET = 14.2;
				MARKETING_VERSION = 1.0;
				PRODUCT_BUNDLE_IDENTIFIER = "-77.BasketballBoard";
				PRODUCT_NAME = "$(TARGET_NAME)";
				SDKROOT = auto;
				SUPPORTED_PLATFORMS = "iphoneos iphonesimulator macosx";
				SWIFT_EMIT_LOC_STRINGS = YES;
				SWIFT_VERSION = 5.0;
				TARGETED_DEVICE_FAMILY = "1,2";
			};
			name = Release;
		};
/* End XCBuildConfiguration section */

/* Begin XCConfigurationList section */
		A60CD4762C07808900CC8BC1 /* Build configuration list for PBXProject "BasketballBoard" */ = {
			isa = XCConfigurationList;
			buildConfigurations = (
				A60CD4882C07808C00CC8BC1 /* Debug */,
				A60CD4892C07808C00CC8BC1 /* Release */,
			);
			defaultConfigurationIsVisible = 0;
			defaultConfigurationName = Release;
		};
		A60CD48A2C07808C00CC8BC1 /* Build configuration list for PBXNativeTarget "BasketballBoard" */ = {
			isa = XCConfigurationList;
			buildConfigurations = (
				A60CD48B2C07808C00CC8BC1 /* Debug */,
				A60CD48C2C07808C00CC8BC1 /* Release */,
			);
			defaultConfigurationIsVisible = 0;
			defaultConfigurationName = Release;
		};
/* End XCConfigurationList section */
	};
	rootObject = A60CD4732C07808900CC8BC1 /* Project object */;
}
